
Microsoft Visual Studio Solution File, Format Version 12.00
# Visual Studio Version 16
VisualStudioVersion = 16.0.30114.105
MinimumVisualStudioVersion = 10.0.40219.1
Project("{FAE04EC0-301F-11D3-BF4B-00C04F79EFBC}") = "WebForumsApp", "WebForumsApp\WebForumsApp.csproj", "{D9B1DD99-4B16-4424-A2BE-ECA105B4D67B}"
EndProject
Project("{FAE04EC0-301F-11D3-BF4B-00C04F79EFBC}") = "WebForumsApp.Data", "WebForumsApp.Data\WebForumsApp.Data.csproj", "{1BA3167D-9EA3-4A6A-932C-6E1918359E76}"
EndProject
Global
	GlobalSection(SolutionConfigurationPlatforms) = preSolution
		Debug|Any CPU = Debug|Any CPU
		Release|Any CPU = Release|Any CPU
	EndGlobalSection
	GlobalSection(ProjectConfigurationPlatforms) = postSolution
		{D9B1DD99-4B16-4424-A2BE-ECA105B4D67B}.Debug|Any CPU.ActiveCfg = Debug|Any CPU
		{D9B1DD99-4B16-4424-A2BE-ECA105B4D67B}.Debug|Any CPU.Build.0 = Debug|Any CPU
		{D9B1DD99-4B16-4424-A2BE-ECA105B4D67B}.Release|Any CPU.ActiveCfg = Release|Any CPU
		{D9B1DD99-4B16-4424-A2BE-ECA105B4D67B}.Release|Any CPU.Build.0 = Release|Any CPU
		{1BA3167D-9EA3-4A6A-932C-6E1918359E76}.Debug|Any CPU.ActiveCfg = Debug|Any CPU
		{1BA3167D-9EA3-4A6A-932C-6E1918359E76}.Debug|Any CPU.Build.0 = Debug|Any CPU
		{1BA3167D-9EA3-4A6A-932C-6E1918359E76}.Release|Any CPU.ActiveCfg = Release|Any CPU
		{1BA3167D-9EA3-4A6A-932C-6E1918359E76}.Release|Any CPU.Build.0 = Release|Any CPU
	EndGlobalSection
	GlobalSection(SolutionProperties) = preSolution
		HideSolutionNode = FALSE
	EndGlobalSection
	GlobalSection(ExtensibilityGlobals) = postSolution
		SolutionGuid = {4828C645-B48B-4EA7-9CCA-BB8A77CD06B3}
	EndGlobalSection
EndGlobal
